
Microsoft Visual Studio Solution File, Format Version 12.00
# Visual Studio Version 16
VisualStudioVersion = 16.0.29306.81
MinimumVisualStudioVersion = 10.0.40219.1
Project("{FAE04EC0-301F-11D3-BF4B-00C04F79EFBC}") = "WpfModelEdit", "WpfModelEdit\WpfModelEdit.csproj", "{3DF687CF-6B5C-426B-A63A-5BC8D5E7629E}"
EndProject
Project("{FAE04EC0-301F-11D3-BF4B-00C04F79EFBC}") = "DemoApp", "DemoApp\DemoApp.csproj", "{508E50D4-0769-4109-A7C0-81FEE3FE9491}"
EndProject
Global
	GlobalSection(SolutionConfigurationPlatforms) = preSolution
		Debug|Any CPU = Debug|Any CPU
		Release|Any CPU = Release|Any CPU
	EndGlobalSection
	GlobalSection(ProjectConfigurationPlatforms) = postSolution
		{3DF687CF-6B5C-426B-A63A-5BC8D5E7629E}.Debug|Any CPU.ActiveCfg = Debug|Any CPU
		{3DF687CF-6B5C-426B-A63A-5BC8D5E7629E}.Debug|Any CPU.Build.0 = Debug|Any CPU
		{3DF687CF-6B5C-426B-A63A-5BC8D5E7629E}.Release|Any CPU.ActiveCfg = Release|Any CPU
		{3DF687CF-6B5C-426B-A63A-5BC8D5E7629E}.Release|Any CPU.Build.0 = Release|Any CPU
		{508E50D4-0769-4109-A7C0-81FEE3FE9491}.Debug|Any CPU.ActiveCfg = Debug|Any CPU
		{508E50D4-0769-4109-A7C0-81FEE3FE9491}.Debug|Any CPU.Build.0 = Debug|Any CPU
		{508E50D4-0769-4109-A7C0-81FEE3FE9491}.Release|Any CPU.ActiveCfg = Release|Any CPU
		{508E50D4-0769-4109-A7C0-81FEE3FE9491}.Release|Any CPU.Build.0 = Release|Any CPU
	EndGlobalSection
	GlobalSection(SolutionProperties) = preSolution
		HideSolutionNode = FALSE
	EndGlobalSection
	GlobalSection(ExtensibilityGlobals) = postSolution
		SolutionGuid = {F1B2D856-8F39-45E8-86A3-6D64945461EC}
	EndGlobalSection
EndGlobal
